
Microsoft Visual Studio Solution File, Format Version 12.00
# Visual Studio Version 17
VisualStudioVersion = 17.0.31903.59
MinimumVisualStudioVersion = 10.0.40219.1
Project("{2150E333-8FDC-42A3-9474-1A3956D46DE8}") = "src", "src", "{2AF0266E-9E4F-434C-BD2A-CEBF6023978D}"
EndProject
Project("{FAE04EC0-301F-11D3-BF4B-00C04F79EFBC}") = "CarWash.Domain", "src\CarWash.Domain\CarWash.Domain.csproj", "{31DC9D2D-A340-4F81-9DF7-8EAD6C9806B0}"
EndProject
Project("{FAE04EC0-301F-11D3-BF4B-00C04F79EFBC}") = "CarWash.Application", "src\CarWash.Application\CarWash.Application.csproj", "{39B5B416-22C1-493B-9A25-2F5FF4A682E7}"
EndProject
Global
	GlobalSection(SolutionConfigurationPlatforms) = preSolution
		Debug|Any CPU = Debug|Any CPU
		Release|Any CPU = Release|Any CPU
	EndGlobalSection
	GlobalSection(SolutionProperties) = preSolution
		HideSolutionNode = FALSE
	EndGlobalSection
	GlobalSection(ProjectConfigurationPlatforms) = postSolution
		{31DC9D2D-A340-4F81-9DF7-8EAD6C9806B0}.Debug|Any CPU.ActiveCfg = Debug|Any CPU
		{31DC9D2D-A340-4F81-9DF7-8EAD6C9806B0}.Debug|Any CPU.Build.0 = Debug|Any CPU
		{31DC9D2D-A340-4F81-9DF7-8EAD6C9806B0}.Release|Any CPU.ActiveCfg = Release|Any CPU
		{31DC9D2D-A340-4F81-9DF7-8EAD6C9806B0}.Release|Any CPU.Build.0 = Release|Any CPU
		{39B5B416-22C1-493B-9A25-2F5FF4A682E7}.Debug|Any CPU.ActiveCfg = Debug|Any CPU
		{39B5B416-22C1-493B-9A25-2F5FF4A682E7}.Debug|Any CPU.Build.0 = Debug|Any CPU
		{39B5B416-22C1-493B-9A25-2F5FF4A682E7}.Release|Any CPU.ActiveCfg = Release|Any CPU
		{39B5B416-22C1-493B-9A25-2F5FF4A682E7}.Release|Any CPU.Build.0 = Release|Any CPU
	EndGlobalSection
	GlobalSection(NestedProjects) = preSolution
		{31DC9D2D-A340-4F81-9DF7-8EAD6C9806B0} = {2AF0266E-9E4F-434C-BD2A-CEBF6023978D}
		{39B5B416-22C1-493B-9A25-2F5FF4A682E7} = {2AF0266E-9E4F-434C-BD2A-CEBF6023978D}
	EndGlobalSection
EndGlobal
